lockfileVersion: '9.0'

settings:
  autoInstallPeers: true
  excludeLinksFromLockfile: false

importers:

  .:
    dependencies:
      '@repo/database':
        specifier: workspace:*
        version: link:../database
      '@repo/logger':
        specifier: workspace:*
        version: link:../logger
      bcryptjs:
        specifier: ^3.0.3
        version: 3.0.3
    devDependencies:
      '@repo/eslint-config':
        specifier: workspace:*
        version: link:../eslint-config
      '@repo/typescript-config':
        specifier: workspace:*
        version: link:../typescript-config
      '@types/bcryptjs':
        specifier: ^3.0.0
        version: 3.0.0

packages:

  '@types/bcryptjs@3.0.0':
    resolution: {integrity: sha512-WRZOuCuaz8UcZZE4R5HXTco2goQSI2XxjGY3hbM/xDvwmqFWd4ivooImsMx65OKM6CtNKbnZ5YL+YwAwK7c1dg==}
    deprecated: This is a stub types definition. bcryptjs provides its own type definitions, so you do not need this installed.

  bcryptjs@3.0.3:
    resolution: {integrity: sha512-GlF5wPWnSa/X5LKM1o0wz0suXIINz1iHRLvTS+sLyi7XPbe5ycmYI3DlZqVGZZtDgl4DmasFg7gOB3JYbphV5g==}
    hasBin: true

snapshots:

  '@types/bcryptjs@3.0.0':
    dependencies:
      bcryptjs: 3.0.3

  bcryptjs@3.0.3: {}
